
Microsoft Visual Studio Solution File, Format Version 12.00
# Visual Studio 14
VisualStudioVersion = 14.0.25420.1
MinimumVisualStudioVersion = 10.0.40219.1
Project("{FAE04EC0-301F-11D3-BF4B-00C04F79EFBC}") = "Hanfire_Signalr", "Hanfire_Signalr\Hanfire_Signalr.csproj", "{E0F4E6DF-052F-49DE-9FA6-718D8BC9B6D2}"
EndProject
Project("{FAE04EC0-301F-11D3-BF4B-00C04F79EFBC}") = "HangFire_API", "HangFire_API\HangFire_API.csproj", "{E5CE030F-25EC-4D3C-B1F7-81EF99655C6F}"
EndProject
Project("{FAE04EC0-301F-11D3-BF4B-00C04F79EFBC}") = "Hangfire_web_client", "Hangfire_web_client\Hangfire_web_client.csproj", "{41EAD9B8-AA64-4789-B72B-81681B27A863}"
EndProject
Global
	GlobalSection(SolutionConfigurationPlatforms) = preSolution
		Debug|Any CPU = Debug|Any CPU
		Release|Any CPU = Release|Any CPU
	EndGlobalSection
	GlobalSection(ProjectConfigurationPlatforms) = postSolution
		{E0F4E6DF-052F-49DE-9FA6-718D8BC9B6D2}.Debug|Any CPU.ActiveCfg = Debug|Any CPU
		{E0F4E6DF-052F-49DE-9FA6-718D8BC9B6D2}.Debug|Any CPU.Build.0 = Debug|Any CPU
		{E0F4E6DF-052F-49DE-9FA6-718D8BC9B6D2}.Release|Any CPU.ActiveCfg = Release|Any CPU
		{E0F4E6DF-052F-49DE-9FA6-718D8BC9B6D2}.Release|Any CPU.Build.0 = Release|Any CPU
		{E5CE030F-25EC-4D3C-B1F7-81EF99655C6F}.Debug|Any CPU.ActiveCfg = Debug|Any CPU
		{E5CE030F-25EC-4D3C-B1F7-81EF99655C6F}.Debug|Any CPU.Build.0 = Debug|Any CPU
		{E5CE030F-25EC-4D3C-B1F7-81EF99655C6F}.Release|Any CPU.ActiveCfg = Release|Any CPU
		{E5CE030F-25EC-4D3C-B1F7-81EF99655C6F}.Release|Any CPU.Build.0 = Release|Any CPU
		{41EAD9B8-AA64-4789-B72B-81681B27A863}.Debug|Any CPU.ActiveCfg = Debug|Any CPU
		{41EAD9B8-AA64-4789-B72B-81681B27A863}.Debug|Any CPU.Build.0 = Debug|Any CPU
		{41EAD9B8-AA64-4789-B72B-81681B27A863}.Release|Any CPU.ActiveCfg = Release|Any CPU
		{41EAD9B8-AA64-4789-B72B-81681B27A863}.Release|Any CPU.Build.0 = Release|Any CPU
	EndGlobalSection
	GlobalSection(SolutionProperties) = preSolution
		HideSolutionNode = FALSE
	EndGlobalSection
EndGlobal
